
Microsoft Visual Studio Solution File, Format Version 12.00
# Visual Studio Version 17
VisualStudioVersion = 17.4.33122.133
MinimumVisualStudioVersion = 10.0.40219.1
Project("{FAE04EC0-301F-11D3-BF4B-00C04F79EFBC}") = "Kalkulator", "Kalkulator\Kalkulator.csproj", "{BF1E0174-2000-43DD-8AF3-76FBFA105099}"
EndProject
Global
	GlobalSection(SolutionConfigurationPlatforms) = preSolution
		Debug|Any CPU = Debug|Any CPU
		Release|Any CPU = Release|Any CPU
	EndGlobalSection
	GlobalSection(ProjectConfigurationPlatforms) = postSolution
		{BF1E0174-2000-43DD-8AF3-76FBFA105099}.Debug|Any CPU.ActiveCfg = Debug|Any CPU
		{BF1E0174-2000-43DD-8AF3-76FBFA105099}.Debug|Any CPU.Build.0 = Debug|Any CPU
		{BF1E0174-2000-43DD-8AF3-76FBFA105099}.Release|Any CPU.ActiveCfg = Release|Any CPU
		{BF1E0174-2000-43DD-8AF3-76FBFA105099}.Release|Any CPU.Build.0 = Release|Any CPU
	EndGlobalSection
	GlobalSection(SolutionProperties) = preSolution
		HideSolutionNode = FALSE
	EndGlobalSection
	GlobalSection(ExtensibilityGlobals) = postSolution
		SolutionGuid = {41EFAF2E-71CD-4304-A384-E83FD3536544}
	EndGlobalSection
EndGlobal
